
Microsoft Visual Studio Solution File, Format Version 12.00
# Visual Studio Version 16
VisualStudioVersion = 16.0.28922.388
MinimumVisualStudioVersion = 10.0.40219.1
Project("{FAE04EC0-301F-11D3-BF4B-00C04F79EFBC}") = "HADotNet.Panel", "HADotNet.Panel\HADotNet.Panel.csproj", "{7B21889A-CEAF-47B9-B17F-935D38C4B195}"
EndProject
Global
	GlobalSection(SolutionConfigurationPlatforms) = preSolution
		Debug|Any CPU = Debug|Any CPU
		Release|Any CPU = Release|Any CPU
	EndGlobalSection
	GlobalSection(ProjectConfigurationPlatforms) = postSolution
		{7B21889A-CEAF-47B9-B17F-935D38C4B195}.Debug|Any CPU.ActiveCfg = Debug|Any CPU
		{7B21889A-CEAF-47B9-B17F-935D38C4B195}.Debug|Any CPU.Build.0 = Debug|Any CPU
		{7B21889A-CEAF-47B9-B17F-935D38C4B195}.Release|Any CPU.ActiveCfg = Release|Any CPU
		{7B21889A-CEAF-47B9-B17F-935D38C4B195}.Release|Any CPU.Build.0 = Release|Any CPU
	EndGlobalSection
	GlobalSection(SolutionProperties) = preSolution
		HideSolutionNode = FALSE
	EndGlobalSection
	GlobalSection(ExtensibilityGlobals) = postSolution
		SolutionGuid = {A0C7B706-8B5E-4E02-A4D3-76B9E35F2FAD}
	EndGlobalSection
EndGlobal
